// !$*UTF8*$!
{
	archiveVersion = 1;
	classes = {
	};
	objectVersion = 46;
	objects = {

/* Begin PBXBuildFile section */
		2B83F9191BA0970B00453FFE /* main.swift in Sources */ = {isa = PBXBuildFile; fileRef = 2B83F9181BA0970B00453FFE /* main.swift */; };
		2BEFB6131BA1F0D2005970E9 /* CARingBuffer.cpp in Sources */ = {isa = PBXBuildFile; fileRef = 2BEFB6111BA1F0D2005970E9 /* CARingBuffer.cpp */; };
		2BEFB61D1BA1F372005970E9 /* RingBuffer.mm in Sources */ = {isa = PBXBuildFile; fileRef = 2BEFB61C1BA1F372005970E9 /* RingBuffer.mm */; };
/* End PBXBuildFile section */

/* Begin PBXCopyFilesBuildPhase section */
		2B83F9131BA0970A00453FFE /* CopyFiles */ = {
			isa = PBXCopyFilesBuildPhase;
			buildActionMask = 2147483647;
			dstPath = /usr/share/man/man1/;
			dstSubfolderSpec = 0;
			files = (
			);
			runOnlyForDeploymentPostprocessing = 1;
		};
/* End PBXCopyFilesBuildPhase section */

/* Begin PBXFileReference section */
		2B83F9151BA0970B00453FFE /* CH08_AUGraphInput */ = {isa = PBXFileReference; explicitFileType = "compiled.mach-o.executable"; includeInIndex = 0; path = CH08_AUGraphInput; sourceTree = BUILT_PRODUCTS_DIR; };
		2B83F9181BA0970B00453FFE /* main.swift */ = {isa = PBXFileReference; lastKnownFileType = sourcecode.swift; path = main.swift; sourceTree = "<group>"; };
		2BEFB6101BA1F0D0005970E9 /* AUGraphPlayThrough-Bridging-Header.h */ = {isa = PBXFileReference; lastKnownFileType = sourcecode.c.h; path = "AUGraphPlayThrough-Bridging-Header.h"; sourceTree = "<group>"; };
		2BEFB6111BA1F0D2005970E9 /* CARingBuffer.cpp */ = {isa = PBXFileReference; fileEncoding = 4; lastKnownFileType = sourcecode.cpp.cpp; path = CARingBuffer.cpp; sourceTree = "<group>"; };
		2BEFB6121BA1F0D2005970E9 /* CARingBuffer.h */ = {isa = PBXFileReference; fileEncoding = 4; lastKnownFileType = sourcecode.c.h; path = CARingBuffer.h; sourceTree = "<group>"; };
		2BEFB6151BA1F18F005970E9 /* CABitOperations.h */ = {isa = PBXFileReference; lastKnownFileType = sourcecode.c.h; path = CABitOperations.h; sourceTree = "<group>"; };
		2BEFB6161BA1F199005970E9 /* CAAutoDisposer.h */ = {isa = PBXFileReference; lastKnownFileType = sourcecode.c.h; path = CAAutoDisposer.h; sourceTree = "<group>"; };
		2BEFB6171BA1F1B0005970E9 /* CAAtomic.h */ = {isa = PBXFileReference; lastKnownFileType = sourcecode.c.h; path = CAAtomic.h; sourceTree = "<group>"; };
		2BEFB61B1BA1F372005970E9 /* RingBuffer.h */ = {isa = PBXFileReference; fileEncoding = 4; lastKnownFileType = sourcecode.c.h; path = RingBuffer.h; sourceTree = "<group>"; };
		2BEFB61C1BA1F372005970E9 /* RingBuffer.mm */ = {isa = PBXFileReference; fileEncoding = 4; lastKnownFileType = sourcecode.cpp.objcpp; path = RingBuffer.mm; sourceTree = "<group>"; };
/* End PBXFileReference section */

/* Begin PBXFrameworksBuildPhase section */
		2B83F9121BA0970A00453FFE /* Frameworks */ = {
			isa = PBXFrameworksBuildPhase;
			buildActionMask = 2147483647;
			files = (
			);
			runOnlyForDeploymentPostprocessing = 0;
		};
/* End PBXFrameworksBuildPhase section */

/* Begin PBXGroup section */
		2B83F90C1BA0970A00453FFE = {
			isa = PBXGroup;
			children = (
				2B83F9171BA0970B00453FFE /* AUGraphPlayThrough */,
				2B83F9161BA0970B00453FFE /* Products */,
			);
			sourceTree = "<group>";
		};
		2B83F9161BA0970B00453FFE /* Products */ = {
			isa = PBXGroup;
			children = (
				2B83F9151BA0970B00453FFE /* CH08_AUGraphInput */,
			);
			name = Products;
			sourceTree = "<group>";
		};
		2B83F9171BA0970B00453FFE /* AUGraphPlayThrough */ = {
			isa = PBXGroup;
			children = (
				2BEFB6101BA1F0D0005970E9 /* AUGraphPlayThrough-Bridging-Header.h */,
				2BEFB6141BA1F128005970E9 /* CARingBuffer */,
				2B83F9181BA0970B00453FFE /* main.swift */,
			);
			path = AUGraphPlayThrough;
			sourceTree = "<group>";
		};
		2BEFB6141BA1F128005970E9 /* CARingBuffer */ = {
			isa = PBXGroup;
			children = (
				2BEFB6181BA1F210005970E9 /* Objective-C wrappers */,
				2BEFB6171BA1F1B0005970E9 /* CAAtomic.h */,
				2BEFB6161BA1F199005970E9 /* CAAutoDisposer.h */,
				2BEFB6151BA1F18F005970E9 /* CABitOperations.h */,
				2BEFB6121BA1F0D2005970E9 /* CARingBuffer.h */,
				2BEFB6111BA1F0D2005970E9 /* CARingBuffer.cpp */,
			);
			name = CARingBuffer;
			sourceTree = "<group>";
		};
		2BEFB6181BA1F210005970E9 /* Objective-C wrappers */ = {
			isa = PBXGroup;
			children = (
				2BEFB61B1BA1F372005970E9 /* RingBuffer.h */,
				2BEFB61C1BA1F372005970E9 /* RingBuffer.mm */,
			);
			name = "Objective-C wrappers";
			sourceTree = "<group>";
		};
/* End PBXGroup section */

/* Begin PBXNativeTarget section */
		2B83F9141BA0970A00453FFE /* CH08_AUGraphInput */ = {
			isa = PBXNativeTarget;
			buildConfigurationList = 2B83F91C1BA0970B00453FFE /* Build configuration list for PBXNativeTarget "CH08_AUGraphInput" */;
			buildPhases = (
				2B83F9111BA0970A00453FFE /* Sources */,
				2B83F9121BA0970A00453FFE /* Frameworks */,
				2B83F9131BA0970A00453FFE /* CopyFiles */,
			);
			buildRules = (
			);
			dependencies = (
			);
			name = CH08_AUGraphInput;
			productName = AUGraphPlayThrough;
			productReference = 2B83F9151BA0970B00453FFE /* CH08_AUGraphInput */;
			productType = "com.apple.product-type.tool";
		};
/* End PBXNativeTarget section */

/* Begin PBXProject section */
		2B83F90D1BA0970A00453FFE /* Project object */ = {
			isa = PBXProject;
			attributes = {
				LastSwiftUpdateCheck = 0700;
				LastUpgradeCheck = 0700;
				ORGANIZATIONNAME = "Ales Tsurko";
				TargetAttributes = {
					2B83F9141BA0970A00453FFE = {
						CreatedOnToolsVersion = 7.0;
					};
				};
			};
			buildConfigurationList = 2B83F9101BA0970A00453FFE /* Build configuration list for PBXProject "CH08_AUGraphInput" */;
			compatibilityVersion = "Xcode 3.2";
			developmentRegion = English;
			hasScannedForEncodings = 0;
			knownRegions = (
				en,
			);
			mainGroup = 2B83F90C1BA0970A00453FFE;
			productRefGroup = 2B83F9161BA0970B00453FFE /* Products */;
			projectDirPath = "";
			projectRoot = "";
			targets = (
				2B83F9141BA0970A00453FFE /* CH08_AUGraphInput */,
			);
		};
/* End PBXProject section */

/* Begin PBXSourcesBuildPhase section */
		2B83F9111BA0970A00453FFE /* Sources */ = {
			isa = PBXSourcesBuildPhase;
			buildActionMask = 2147483647;
			files = (
				2B83F9191BA0970B00453FFE /* main.swift in Sources */,
				2BEFB6131BA1F0D2005970E9 /* CARingBuffer.cpp in Sources */,
				2BEFB61D1BA1F372005970E9 /* RingBuffer.mm in Sources */,
			);
			runOnlyForDeploymentPostprocessing = 0;
		};
/* End PBXSourcesBuildPhase section */

/* Begin XCBuildConfiguration section */
		2B83F91A1BA0970B00453FFE /* Debug */ = {
			isa = XCBuildConfiguration;
			buildSettings = {
				ALWAYS_SEARCH_USER_PATHS = NO;
				CLANG_CXX_LANGUAGE_STANDARD = "gnu++0x";
				CLANG_CXX_LIBRARY = "libc++";
				CLANG_ENABLE_MODULES = YES;
				CLANG_ENABLE_OBJC_ARC = YES;
				CLANG_WARN_BOOL_CONVERSION = YES;
				CLANG_WARN_CONSTANT_CONVERSION = YES;
				CLANG_WARN_DIRECT_OBJC_ISA_USAGE = YES_ERROR;
				CLANG_WARN_EMPTY_BODY = YES;
				CLANG_WARN_ENUM_CONVERSION = YES;
				CLANG_WARN_INT_CONVERSION = YES;
				CLANG_WARN_OBJC_ROOT_CLASS = YES_ERROR;
				CLANG_WARN_UNREACHABLE_CODE = YES;
				CLANG_WARN__DUPLICATE_METHOD_MATCH = YES;
				COPY_PHASE_STRIP = NO;
				DEBUG_INFORMATION_FORMAT = dwarf;
				ENABLE_STRICT_OBJC_MSGSEND = YES;
				ENABLE_TESTABILITY = YES;
				GCC_C_LANGUAGE_STANDARD = gnu99;
				GCC_DYNAMIC_NO_PIC = NO;
				GCC_NO_COMMON_BLOCKS = YES;
				GCC_OPTIMIZATION_LEVEL = 0;
				GCC_PREPROCESSOR_DEFINITIONS = (
					"DEBUG=1",
					"$(inherited)",
				);
				GCC_WARN_64_TO_32_BIT_CONVERSION = YES;
				GCC_WARN_ABOUT_RETURN_TYPE = YES_ERROR;
				GCC_WARN_UNDECLARED_SELECTOR = YES;
				GCC_WARN_UNINITIALIZED_AUTOS = YES_AGGRESSIVE;
				GCC_WARN_UNUSED_FUNCTION = YES;
				GCC_WARN_UNUSED_VARIABLE = YES;
				MACOSX_DEPLOYMENT_TARGET = 10.10;
				MTL_ENABLE_DEBUG_INFO = YES;
				ONLY_ACTIVE_ARCH = YES;
				SDKROOT = macosx;
				SWIFT_OPTIMIZATION_LEVEL = "-Onone";
			};
			name = Debug;
		};
		2B83F91B1BA0970B00453FFE /* Release */ = {
			isa = XCBuildConfiguration;
			buildSettings = {
				ALWAYS_SEARCH_USER_PATHS = NO;
				CLANG_CXX_LANGUAGE_STANDARD = "gnu++0x";
				CLANG_CXX_LIBRARY = "libc++";
				CLANG_ENABLE_MODULES = YES;
				CLANG_ENABLE_OBJC_ARC = YES;
				CLANG_WARN_BOOL_CONVERSION = YES;
				CLANG_WARN_CONSTANT_CONVERSION = YES;
				CLANG_WARN_DIRECT_OBJC_ISA_USAGE = YES_ERROR;
				CLANG_WARN_EMPTY_BODY = YES;
				CLANG_WARN_ENUM_CONVERSION = YES;
				CLANG_WARN_INT_CONVERSION = YES;
				CLANG_WARN_OBJC_ROOT_CLASS = YES_ERROR;
				CLANG_WARN_UNREACHABLE_CODE = YES;
				CLANG_WARN__DUPLICATE_METHOD_MATCH = YES;
				COPY_PHASE_STRIP = NO;
				DEBUG_INFORMATION_FORMAT = "dwarf-with-dsym";
				ENABLE_NS_ASSERTIONS = NO;
				ENABLE_STRICT_OBJC_MSGSEND = YES;
				GCC_C_LANGUAGE_STANDARD = gnu99;
				GCC_NO_COMMON_BLOCKS = YES;
				GCC_WARN_64_TO_32_BIT_CONVERSION = YES;
				GCC_WARN_ABOUT_RETURN_TYPE = YES_ERROR;
				GCC_WARN_UNDECLARED_SELECTOR = YES;
				GCC_WARN_UNINITIALIZED_AUTOS = YES_AGGRESSIVE;
				GCC_WARN_UNUSED_FUNCTION = YES;
				GCC_WARN_UNUSED_VARIABLE = YES;
				MACOSX_DEPLOYMENT_TARGET = 10.10;
				MTL_ENABLE_DEBUG_INFO = NO;
				SDKROOT = macosx;
			};
			name = Release;
		};
		2B83F91D1BA0970B00453FFE /* Debug */ = {
			isa = XCBuildConfiguration;
			buildSettings = {
				CLANG_ENABLE_MODULES = YES;
				LD_RUNPATH_SEARCH_PATHS = "$(inherited) @executable_path/../Frameworks @loader_path/../Frameworks";
				OTHER_SWIFT_FLAGS = "-D PART_II";
				PRODUCT_NAME = CH08_AUGraphInput;
				SWIFT_INCLUDE_PATHS = "";
				SWIFT_OBJC_BRIDGING_HEADER = "AUGraphPlayThrough/AUGraphPlayThrough-Bridging-Header.h";
				SWIFT_OPTIMIZATION_LEVEL = "-Onone";
			};
			name = Debug;
		};
		2B83F91E1BA0970B00453FFE /* Release */ = {
			isa = XCBuildConfiguration;
			buildSettings = {
				CLANG_ENABLE_MODULES = YES;
				LD_RUNPATH_SEARCH_PATHS = "$(inherited) @executable_path/../Frameworks @loader_path/../Frameworks";
				OTHER_SWIFT_FLAGS = "-D PART_II";
				PRODUCT_NAME = CH08_AUGraphInput;
				SWIFT_INCLUDE_PATHS = "";
				SWIFT_OBJC_BRIDGING_HEADER = "AUGraphPlayThrough/AUGraphPlayThrough-Bridging-Header.h";
			};
			name = Release;
		};
/* End XCBuildConfiguration section */

/* Begin XCConfigurationList section */
		2B83F9101BA0970A00453FFE /* Build configuration list for PBXProject "CH08_AUGraphInput" */ = {
			isa = XCConfigurationList;
			buildConfigurations = (
				2B83F91A1BA0970B00453FFE /* Debug */,
				2B83F91B1BA0970B00453FFE /* Release */,
			);
			defaultConfigurationIsVisible = 0;
			defaultConfigurationName = Release;
		};
		2B83F91C1BA0970B00453FFE /* Build configuration list for PBXNativeTarget "CH08_AUGraphInput" */ = {
			isa = XCConfigurationList;
			buildConfigurations = (
				2B83F91D1BA0970B00453FFE /* Debug */,
				2B83F91E1BA0970B00453FFE /* Release */,
			);
			defaultConfigurationIsVisible = 0;
			defaultConfigurationName = Release;
		};
/* End XCConfigurationList section */
	};
	rootObject = 2B83F90D1BA0970A00453FFE /* Project object */;
}
