// !$*UTF8*$!
{
	archiveVersion = 1;
	classes = {
	};
	objectVersion = 46;
	objects = {

/* Begin PBXBuildFile section */
		2BC551811B9DF6B6004EAE84 /* main.swift in Sources */ = {isa = PBXBuildFile; fileRef = 2BC551801B9DF6B6004EAE84 /* main.swift */; };
/* End PBXBuildFile section */

/* Begin PBXCopyFilesBuildPhase section */
		2BC5517B1B9DF6B6004EAE84 /* CopyFiles */ = {
			isa = PBXCopyFilesBuildPhase;
			buildActionMask = 2147483647;
			dstPath = /usr/share/man/man1/;
			dstSubfolderSpec = 0;
			files = (
			);
			runOnlyForDeploymentPostprocessing = 1;
		};
/* End PBXCopyFilesBuildPhase section */

/* Begin PBXFileReference section */
		2BC5517D1B9DF6B6004EAE84 /* CH07_AUGraphSpeechSynthesis */ = {isa = PBXFileReference; explicitFileType = "compiled.mach-o.executable"; includeInIndex = 0; path = CH07_AUGraphSpeechSynthesis; sourceTree = BUILT_PRODUCTS_DIR; };
		2BC551801B9DF6B6004EAE84 /* main.swift */ = {isa = PBXFileReference; lastKnownFileType = sourcecode.swift; path = main.swift; sourceTree = "<group>"; };
/* End PBXFileReference section */

/* Begin PBXFrameworksBuildPhase section */
		2BC5517A1B9DF6B6004EAE84 /* Frameworks */ = {
			isa = PBXFrameworksBuildPhase;
			buildActionMask = 2147483647;
			files = (
			);
			runOnlyForDeploymentPostprocessing = 0;
		};
/* End PBXFrameworksBuildPhase section */

/* Begin PBXGroup section */
		2BC551741B9DF6B6004EAE84 = {
			isa = PBXGroup;
			children = (
				2BC5517F1B9DF6B6004EAE84 /* AUSpeechSynthesizer */,
				2BC5517E1B9DF6B6004EAE84 /* Products */,
			);
			sourceTree = "<group>";
		};
		2BC5517E1B9DF6B6004EAE84 /* Products */ = {
			isa = PBXGroup;
			children = (
				2BC5517D1B9DF6B6004EAE84 /* CH07_AUGraphSpeechSynthesis */,
			);
			name = Products;
			sourceTree = "<group>";
		};
		2BC5517F1B9DF6B6004EAE84 /* AUSpeechSynthesizer */ = {
			isa = PBXGroup;
			children = (
				2BC551801B9DF6B6004EAE84 /* main.swift */,
			);
			path = AUSpeechSynthesizer;
			sourceTree = "<group>";
		};
/* End PBXGroup section */

/* Begin PBXNativeTarget section */
		2BC5517C1B9DF6B6004EAE84 /* CH07_AUGraphSpeechSynthesis */ = {
			isa = PBXNativeTarget;
			buildConfigurationList = 2BC551841B9DF6B6004EAE84 /* Build configuration list for PBXNativeTarget "CH07_AUGraphSpeechSynthesis" */;
			buildPhases = (
				2BC551791B9DF6B6004EAE84 /* Sources */,
				2BC5517A1B9DF6B6004EAE84 /* Frameworks */,
				2BC5517B1B9DF6B6004EAE84 /* CopyFiles */,
			);
			buildRules = (
			);
			dependencies = (
			);
			name = CH07_AUGraphSpeechSynthesis;
			productName = AUSpeechSynthesizer;
			productReference = 2BC5517D1B9DF6B6004EAE84 /* CH07_AUGraphSpeechSynthesis */;
			productType = "com.apple.product-type.tool";
		};
/* End PBXNativeTarget section */

/* Begin PBXProject section */
		2BC551751B9DF6B6004EAE84 /* Project object */ = {
			isa = PBXProject;
			attributes = {
				LastUpgradeCheck = 0700;
				ORGANIZATIONNAME = "Ales Tsurko";
				TargetAttributes = {
					2BC5517C1B9DF6B6004EAE84 = {
						CreatedOnToolsVersion = 7.0;
					};
				};
			};
			buildConfigurationList = 2BC551781B9DF6B6004EAE84 /* Build configuration list for PBXProject "CH07_AUGraphSpeechSynthesis" */;
			compatibilityVersion = "Xcode 3.2";
			developmentRegion = English;
			hasScannedForEncodings = 0;
			knownRegions = (
				en,
			);
			mainGroup = 2BC551741B9DF6B6004EAE84;
			productRefGroup = 2BC5517E1B9DF6B6004EAE84 /* Products */;
			projectDirPath = "";
			projectRoot = "";
			targets = (
				2BC5517C1B9DF6B6004EAE84 /* CH07_AUGraphSpeechSynthesis */,
			);
		};
/* End PBXProject section */

/* Begin PBXSourcesBuildPhase section */
		2BC551791B9DF6B6004EAE84 /* Sources */ = {
			isa = PBXSourcesBuildPhase;
			buildActionMask = 2147483647;
			files = (
				2BC551811B9DF6B6004EAE84 /* main.swift in Sources */,
			);
			runOnlyForDeploymentPostprocessing = 0;
		};
/* End PBXSourcesBuildPhase section */

/* Begin XCBuildConfiguration section */
		2BC551821B9DF6B6004EAE84 /* Debug */ = {
			isa = XCBuildConfiguration;
			buildSettings = {
				ALWAYS_SEARCH_USER_PATHS = NO;
				CLANG_CXX_LANGUAGE_STANDARD = "gnu++0x";
				CLANG_CXX_LIBRARY = "libc++";
				CLANG_ENABLE_MODULES = YES;
				CLANG_ENABLE_OBJC_ARC = YES;
				CLANG_WARN_BOOL_CONVERSION = YES;
				CLANG_WARN_CONSTANT_CONVERSION = YES;
				CLANG_WARN_DIRECT_OBJC_ISA_USAGE = YES_ERROR;
				CLANG_WARN_EMPTY_BODY = YES;
				CLANG_WARN_ENUM_CONVERSION = YES;
				CLANG_WARN_INT_CONVERSION = YES;
				CLANG_WARN_OBJC_ROOT_CLASS = YES_ERROR;
				CLANG_WARN_UNREACHABLE_CODE = YES;
				CLANG_WARN__DUPLICATE_METHOD_MATCH = YES;
				COPY_PHASE_STRIP = NO;
				DEBUG_INFORMATION_FORMAT = dwarf;
				ENABLE_STRICT_OBJC_MSGSEND = YES;
				ENABLE_TESTABILITY = YES;
				GCC_C_LANGUAGE_STANDARD = gnu99;
				GCC_DYNAMIC_NO_PIC = NO;
				GCC_NO_COMMON_BLOCKS = YES;
				GCC_OPTIMIZATION_LEVEL = 0;
				GCC_PREPROCESSOR_DEFINITIONS = (
					"DEBUG=1",
					"$(inherited)",
				);
				GCC_WARN_64_TO_32_BIT_CONVERSION = YES;
				GCC_WARN_ABOUT_RETURN_TYPE = YES_ERROR;
				GCC_WARN_UNDECLARED_SELECTOR = YES;
				GCC_WARN_UNINITIALIZED_AUTOS = YES_AGGRESSIVE;
				GCC_WARN_UNUSED_FUNCTION = YES;
				GCC_WARN_UNUSED_VARIABLE = YES;
				MACOSX_DEPLOYMENT_TARGET = 10.10;
				MTL_ENABLE_DEBUG_INFO = YES;
				ONLY_ACTIVE_ARCH = YES;
				SDKROOT = macosx;
				SWIFT_OPTIMIZATION_LEVEL = "-Onone";
			};
			name = Debug;
		};
		2BC551831B9DF6B6004EAE84 /* Release */ = {
			isa = XCBuildConfiguration;
			buildSettings = {
				ALWAYS_SEARCH_USER_PATHS = NO;
				CLANG_CXX_LANGUAGE_STANDARD = "gnu++0x";
				CLANG_CXX_LIBRARY = "libc++";
				CLANG_ENABLE_MODULES = YES;
				CLANG_ENABLE_OBJC_ARC = YES;
				CLANG_WARN_BOOL_CONVERSION = YES;
				CLANG_WARN_CONSTANT_CONVERSION = YES;
				CLANG_WARN_DIRECT_OBJC_ISA_USAGE = YES_ERROR;
				CLANG_WARN_EMPTY_BODY = YES;
				CLANG_WARN_ENUM_CONVERSION = YES;
				CLANG_WARN_INT_CONVERSION = YES;
				CLANG_WARN_OBJC_ROOT_CLASS = YES_ERROR;
				CLANG_WARN_UNREACHABLE_CODE = YES;
				CLANG_WARN__DUPLICATE_METHOD_MATCH = YES;
				COPY_PHASE_STRIP = NO;
				DEBUG_INFORMATION_FORMAT = "dwarf-with-dsym";
				ENABLE_NS_ASSERTIONS = NO;
				ENABLE_STRICT_OBJC_MSGSEND = YES;
				GCC_C_LANGUAGE_STANDARD = gnu99;
				GCC_NO_COMMON_BLOCKS = YES;
				GCC_WARN_64_TO_32_BIT_CONVERSION = YES;
				GCC_WARN_ABOUT_RETURN_TYPE = YES_ERROR;
				GCC_WARN_UNDECLARED_SELECTOR = YES;
				GCC_WARN_UNINITIALIZED_AUTOS = YES_AGGRESSIVE;
				GCC_WARN_UNUSED_FUNCTION = YES;
				GCC_WARN_UNUSED_VARIABLE = YES;
				MACOSX_DEPLOYMENT_TARGET = 10.10;
				MTL_ENABLE_DEBUG_INFO = NO;
				SDKROOT = macosx;
			};
			name = Release;
		};
		2BC551851B9DF6B6004EAE84 /* Debug */ = {
			isa = XCBuildConfiguration;
			buildSettings = {
				OTHER_SWIFT_FLAGS = "-D PART_II";
				PRODUCT_NAME = CH07_AUGraphSpeechSynthesis;
			};
			name = Debug;
		};
		2BC551861B9DF6B6004EAE84 /* Release */ = {
			isa = XCBuildConfiguration;
			buildSettings = {
				OTHER_SWIFT_FLAGS = "-D PART_II";
				PRODUCT_NAME = CH07_AUGraphSpeechSynthesis;
			};
			name = Release;
		};
/* End XCBuildConfiguration section */

/* Begin XCConfigurationList section */
		2BC551781B9DF6B6004EAE84 /* Build configuration list for PBXProject "CH07_AUGraphSpeechSynthesis" */ = {
			isa = XCConfigurationList;
			buildConfigurations = (
				2BC551821B9DF6B6004EAE84 /* Debug */,
				2BC551831B9DF6B6004EAE84 /* Release */,
			);
			defaultConfigurationIsVisible = 0;
			defaultConfigurationName = Release;
		};
		2BC551841B9DF6B6004EAE84 /* Build configuration list for PBXNativeTarget "CH07_AUGraphSpeechSynthesis" */ = {
			isa = XCConfigurationList;
			buildConfigurations = (
				2BC551851B9DF6B6004EAE84 /* Debug */,
				2BC551861B9DF6B6004EAE84 /* Release */,
			);
			defaultConfigurationIsVisible = 0;
			defaultConfigurationName = Release;
		};
/* End XCConfigurationList section */
	};
	rootObject = 2BC551751B9DF6B6004EAE84 /* Project object */;
}
