// !$*UTF8*$!
{
	archiveVersion = 1;
	classes = {
	};
	objectVersion = 46;
	objects = {

/* Begin PBXBuildFile section */
		2B73BB4A1B8A3E7900EF21F8 /* main.swift in Sources */ = {isa = PBXBuildFile; fileRef = 2B73BB491B8A3E7900EF21F8 /* main.swift */; };
/* End PBXBuildFile section */

/* Begin PBXCopyFilesBuildPhase section */
		2B73BB441B8A3E7900EF21F8 /* CopyFiles */ = {
			isa = PBXCopyFilesBuildPhase;
			buildActionMask = 2147483647;
			dstPath = /usr/share/man/man1/;
			dstSubfolderSpec = 0;
			files = (
			);
			runOnlyForDeploymentPostprocessing = 1;
		};
/* End PBXCopyFilesBuildPhase section */

/* Begin PBXFileReference section */
		2B73BB461B8A3E7900EF21F8 /* CH01_CAMetadata */ = {isa = PBXFileReference; explicitFileType = "compiled.mach-o.executable"; includeInIndex = 0; path = CH01_CAMetadata; sourceTree = BUILT_PRODUCTS_DIR; };
		2B73BB491B8A3E7900EF21F8 /* main.swift */ = {isa = PBXFileReference; lastKnownFileType = sourcecode.swift; path = main.swift; sourceTree = "<group>"; };
/* End PBXFileReference section */

/* Begin PBXFrameworksBuildPhase section */
		2B73BB431B8A3E7900EF21F8 /* Frameworks */ = {
			isa = PBXFrameworksBuildPhase;
			buildActionMask = 2147483647;
			files = (
			);
			runOnlyForDeploymentPostprocessing = 0;
		};
/* End PBXFrameworksBuildPhase section */

/* Begin PBXGroup section */
		2B73BB3D1B8A3E7900EF21F8 = {
			isa = PBXGroup;
			children = (
				2B73BB481B8A3E7900EF21F8 /* CAMetadata */,
				2B73BB471B8A3E7900EF21F8 /* Products */,
			);
			sourceTree = "<group>";
		};
		2B73BB471B8A3E7900EF21F8 /* Products */ = {
			isa = PBXGroup;
			children = (
				2B73BB461B8A3E7900EF21F8 /* CH01_CAMetadata */,
			);
			name = Products;
			sourceTree = "<group>";
		};
		2B73BB481B8A3E7900EF21F8 /* CAMetadata */ = {
			isa = PBXGroup;
			children = (
				2B73BB491B8A3E7900EF21F8 /* main.swift */,
			);
			path = CAMetadata;
			sourceTree = "<group>";
		};
/* End PBXGroup section */

/* Begin PBXNativeTarget section */
		2B73BB451B8A3E7900EF21F8 /* CH01_CAMetadata */ = {
			isa = PBXNativeTarget;
			buildConfigurationList = 2B73BB4D1B8A3E7900EF21F8 /* Build configuration list for PBXNativeTarget "CH01_CAMetadata" */;
			buildPhases = (
				2B73BB421B8A3E7900EF21F8 /* Sources */,
				2B73BB431B8A3E7900EF21F8 /* Frameworks */,
				2B73BB441B8A3E7900EF21F8 /* CopyFiles */,
			);
			buildRules = (
			);
			dependencies = (
			);
			name = CH01_CAMetadata;
			productName = CAMetadata;
			productReference = 2B73BB461B8A3E7900EF21F8 /* CH01_CAMetadata */;
			productType = "com.apple.product-type.tool";
		};
/* End PBXNativeTarget section */

/* Begin PBXProject section */
		2B73BB3E1B8A3E7900EF21F8 /* Project object */ = {
			isa = PBXProject;
			attributes = {
				LastUpgradeCheck = 0700;
				ORGANIZATIONNAME = "Ales Tsurko";
				TargetAttributes = {
					2B73BB451B8A3E7900EF21F8 = {
						CreatedOnToolsVersion = 7.0;
					};
				};
			};
			buildConfigurationList = 2B73BB411B8A3E7900EF21F8 /* Build configuration list for PBXProject "CH01_CAMetadata" */;
			compatibilityVersion = "Xcode 3.2";
			developmentRegion = English;
			hasScannedForEncodings = 0;
			knownRegions = (
				en,
			);
			mainGroup = 2B73BB3D1B8A3E7900EF21F8;
			productRefGroup = 2B73BB471B8A3E7900EF21F8 /* Products */;
			projectDirPath = "";
			projectRoot = "";
			targets = (
				2B73BB451B8A3E7900EF21F8 /* CH01_CAMetadata */,
			);
		};
/* End PBXProject section */

/* Begin PBXSourcesBuildPhase section */
		2B73BB421B8A3E7900EF21F8 /* Sources */ = {
			isa = PBXSourcesBuildPhase;
			buildActionMask = 2147483647;
			files = (
				2B73BB4A1B8A3E7900EF21F8 /* main.swift in Sources */,
			);
			runOnlyForDeploymentPostprocessing = 0;
		};
/* End PBXSourcesBuildPhase section */

/* Begin XCBuildConfiguration section */
		2B73BB4B1B8A3E7900EF21F8 /* Debug */ = {
			isa = XCBuildConfiguration;
			buildSettings = {
				ALWAYS_SEARCH_USER_PATHS = NO;
				CLANG_CXX_LANGUAGE_STANDARD = "gnu++0x";
				CLANG_CXX_LIBRARY = "libc++";
				CLANG_ENABLE_MODULES = YES;
				CLANG_ENABLE_OBJC_ARC = YES;
				CLANG_WARN_BOOL_CONVERSION = YES;
				CLANG_WARN_CONSTANT_CONVERSION = YES;
				CLANG_WARN_DIRECT_OBJC_ISA_USAGE = YES_ERROR;
				CLANG_WARN_EMPTY_BODY = YES;
				CLANG_WARN_ENUM_CONVERSION = YES;
				CLANG_WARN_INT_CONVERSION = YES;
				CLANG_WARN_OBJC_ROOT_CLASS = YES_ERROR;
				CLANG_WARN_UNREACHABLE_CODE = YES;
				CLANG_WARN__DUPLICATE_METHOD_MATCH = YES;
				COPY_PHASE_STRIP = NO;
				DEBUG_INFORMATION_FORMAT = dwarf;
				ENABLE_STRICT_OBJC_MSGSEND = YES;
				ENABLE_TESTABILITY = YES;
				GCC_C_LANGUAGE_STANDARD = gnu99;
				GCC_DYNAMIC_NO_PIC = NO;
				GCC_NO_COMMON_BLOCKS = YES;
				GCC_OPTIMIZATION_LEVEL = 0;
				GCC_PREPROCESSOR_DEFINITIONS = (
					"DEBUG=1",
					"$(inherited)",
				);
				GCC_WARN_64_TO_32_BIT_CONVERSION = YES;
				GCC_WARN_ABOUT_RETURN_TYPE = YES_ERROR;
				GCC_WARN_UNDECLARED_SELECTOR = YES;
				GCC_WARN_UNINITIALIZED_AUTOS = YES_AGGRESSIVE;
				GCC_WARN_UNUSED_FUNCTION = YES;
				GCC_WARN_UNUSED_VARIABLE = YES;
				MACOSX_DEPLOYMENT_TARGET = 10.10;
				MTL_ENABLE_DEBUG_INFO = YES;
				ONLY_ACTIVE_ARCH = YES;
				SDKROOT = macosx;
				SWIFT_OPTIMIZATION_LEVEL = "-Onone";
			};
			name = Debug;
		};
		2B73BB4C1B8A3E7900EF21F8 /* Release */ = {
			isa = XCBuildConfiguration;
			buildSettings = {
				ALWAYS_SEARCH_USER_PATHS = NO;
				CLANG_CXX_LANGUAGE_STANDARD = "gnu++0x";
				CLANG_CXX_LIBRARY = "libc++";
				CLANG_ENABLE_MODULES = YES;
				CLANG_ENABLE_OBJC_ARC = YES;
				CLANG_WARN_BOOL_CONVERSION = YES;
				CLANG_WARN_CONSTANT_CONVERSION = YES;
				CLANG_WARN_DIRECT_OBJC_ISA_USAGE = YES_ERROR;
				CLANG_WARN_EMPTY_BODY = YES;
				CLANG_WARN_ENUM_CONVERSION = YES;
				CLANG_WARN_INT_CONVERSION = YES;
				CLANG_WARN_OBJC_ROOT_CLASS = YES_ERROR;
				CLANG_WARN_UNREACHABLE_CODE = YES;
				CLANG_WARN__DUPLICATE_METHOD_MATCH = YES;
				COPY_PHASE_STRIP = NO;
				DEBUG_INFORMATION_FORMAT = "dwarf-with-dsym";
				ENABLE_NS_ASSERTIONS = NO;
				ENABLE_STRICT_OBJC_MSGSEND = YES;
				GCC_C_LANGUAGE_STANDARD = gnu99;
				GCC_NO_COMMON_BLOCKS = YES;
				GCC_WARN_64_TO_32_BIT_CONVERSION = YES;
				GCC_WARN_ABOUT_RETURN_TYPE = YES_ERROR;
				GCC_WARN_UNDECLARED_SELECTOR = YES;
				GCC_WARN_UNINITIALIZED_AUTOS = YES_AGGRESSIVE;
				GCC_WARN_UNUSED_FUNCTION = YES;
				GCC_WARN_UNUSED_VARIABLE = YES;
				MACOSX_DEPLOYMENT_TARGET = 10.10;
				MTL_ENABLE_DEBUG_INFO = NO;
				SDKROOT = macosx;
			};
			name = Release;
		};
		2B73BB4E1B8A3E7900EF21F8 /* Debug */ = {
			isa = XCBuildConfiguration;
			buildSettings = {
				PRODUCT_NAME = CH01_CAMetadata;
			};
			name = Debug;
		};
		2B73BB4F1B8A3E7900EF21F8 /* Release */ = {
			isa = XCBuildConfiguration;
			buildSettings = {
				PRODUCT_NAME = CH01_CAMetadata;
			};
			name = Release;
		};
/* End XCBuildConfiguration section */

/* Begin XCConfigurationList section */
		2B73BB411B8A3E7900EF21F8 /* Build configuration list for PBXProject "CH01_CAMetadata" */ = {
			isa = XCConfigurationList;
			buildConfigurations = (
				2B73BB4B1B8A3E7900EF21F8 /* Debug */,
				2B73BB4C1B8A3E7900EF21F8 /* Release */,
			);
			defaultConfigurationIsVisible = 0;
			defaultConfigurationName = Release;
		};
		2B73BB4D1B8A3E7900EF21F8 /* Build configuration list for PBXNativeTarget "CH01_CAMetadata" */ = {
			isa = XCConfigurationList;
			buildConfigurations = (
				2B73BB4E1B8A3E7900EF21F8 /* Debug */,
				2B73BB4F1B8A3E7900EF21F8 /* Release */,
			);
			defaultConfigurationIsVisible = 0;
			defaultConfigurationName = Release;
		};
/* End XCConfigurationList section */
	};
	rootObject = 2B73BB3E1B8A3E7900EF21F8 /* Project object */;
}
