// !$*UTF8*$!
{
	archiveVersion = 1;
	classes = {
	};
	objectVersion = 46;
	objects = {

/* Begin PBXBuildFile section */
		2B6D15971B9F42D1001E1408 /* main.swift in Sources */ = {isa = PBXBuildFile; fileRef = 2B6D15961B9F42D1001E1408 /* main.swift */; };
/* End PBXBuildFile section */

/* Begin PBXCopyFilesBuildPhase section */
		2B6D15911B9F42CE001E1408 /* CopyFiles */ = {
			isa = PBXCopyFilesBuildPhase;
			buildActionMask = 2147483647;
			dstPath = /usr/share/man/man1/;
			dstSubfolderSpec = 0;
			files = (
			);
			runOnlyForDeploymentPostprocessing = 1;
		};
/* End PBXCopyFilesBuildPhase section */

/* Begin PBXFileReference section */
		2B6D15931B9F42D0001E1408 /* CH07_AUGraphSineWave */ = {isa = PBXFileReference; explicitFileType = "compiled.mach-o.executable"; includeInIndex = 0; path = CH07_AUGraphSineWave; sourceTree = BUILT_PRODUCTS_DIR; };
		2B6D15961B9F42D1001E1408 /* main.swift */ = {isa = PBXFileReference; lastKnownFileType = sourcecode.swift; path = main.swift; sourceTree = "<group>"; };
/* End PBXFileReference section */

/* Begin PBXFrameworksBuildPhase section */
		2B6D15901B9F42CE001E1408 /* Frameworks */ = {
			isa = PBXFrameworksBuildPhase;
			buildActionMask = 2147483647;
			files = (
			);
			runOnlyForDeploymentPostprocessing = 0;
		};
/* End PBXFrameworksBuildPhase section */

/* Begin PBXGroup section */
		2B6D158A1B9F42CC001E1408 = {
			isa = PBXGroup;
			children = (
				2B6D15951B9F42D0001E1408 /* SineWavePlayer */,
				2B6D15941B9F42D0001E1408 /* Products */,
			);
			sourceTree = "<group>";
		};
		2B6D15941B9F42D0001E1408 /* Products */ = {
			isa = PBXGroup;
			children = (
				2B6D15931B9F42D0001E1408 /* CH07_AUGraphSineWave */,
			);
			name = Products;
			sourceTree = "<group>";
		};
		2B6D15951B9F42D0001E1408 /* SineWavePlayer */ = {
			isa = PBXGroup;
			children = (
				2B6D15961B9F42D1001E1408 /* main.swift */,
			);
			path = SineWavePlayer;
			sourceTree = "<group>";
		};
/* End PBXGroup section */

/* Begin PBXNativeTarget section */
		2B6D15921B9F42CE001E1408 /* CH07_AUGraphSineWave */ = {
			isa = PBXNativeTarget;
			buildConfigurationList = 2B6D159A1B9F42D1001E1408 /* Build configuration list for PBXNativeTarget "CH07_AUGraphSineWave" */;
			buildPhases = (
				2B6D158F1B9F42CE001E1408 /* Sources */,
				2B6D15901B9F42CE001E1408 /* Frameworks */,
				2B6D15911B9F42CE001E1408 /* CopyFiles */,
			);
			buildRules = (
			);
			dependencies = (
			);
			name = CH07_AUGraphSineWave;
			productName = SineWavePlayer;
			productReference = 2B6D15931B9F42D0001E1408 /* CH07_AUGraphSineWave */;
			productType = "com.apple.product-type.tool";
		};
/* End PBXNativeTarget section */

/* Begin PBXProject section */
		2B6D158B1B9F42CD001E1408 /* Project object */ = {
			isa = PBXProject;
			attributes = {
				LastUpgradeCheck = 0700;
				ORGANIZATIONNAME = "Ales Tsurko";
				TargetAttributes = {
					2B6D15921B9F42CE001E1408 = {
						CreatedOnToolsVersion = 7.0;
					};
				};
			};
			buildConfigurationList = 2B6D158E1B9F42CD001E1408 /* Build configuration list for PBXProject "CH07_AUGraphSineWave" */;
			compatibilityVersion = "Xcode 3.2";
			developmentRegion = English;
			hasScannedForEncodings = 0;
			knownRegions = (
				en,
			);
			mainGroup = 2B6D158A1B9F42CC001E1408;
			productRefGroup = 2B6D15941B9F42D0001E1408 /* Products */;
			projectDirPath = "";
			projectRoot = "";
			targets = (
				2B6D15921B9F42CE001E1408 /* CH07_AUGraphSineWave */,
			);
		};
/* End PBXProject section */

/* Begin PBXSourcesBuildPhase section */
		2B6D158F1B9F42CE001E1408 /* Sources */ = {
			isa = PBXSourcesBuildPhase;
			buildActionMask = 2147483647;
			files = (
				2B6D15971B9F42D1001E1408 /* main.swift in Sources */,
			);
			runOnlyForDeploymentPostprocessing = 0;
		};
/* End PBXSourcesBuildPhase section */

/* Begin XCBuildConfiguration section */
		2B6D15981B9F42D1001E1408 /* Debug */ = {
			isa = XCBuildConfiguration;
			buildSettings = {
				ALWAYS_SEARCH_USER_PATHS = NO;
				CLANG_CXX_LANGUAGE_STANDARD = "gnu++0x";
				CLANG_CXX_LIBRARY = "libc++";
				CLANG_ENABLE_MODULES = YES;
				CLANG_ENABLE_OBJC_ARC = YES;
				CLANG_WARN_BOOL_CONVERSION = YES;
				CLANG_WARN_CONSTANT_CONVERSION = YES;
				CLANG_WARN_DIRECT_OBJC_ISA_USAGE = YES_ERROR;
				CLANG_WARN_EMPTY_BODY = YES;
				CLANG_WARN_ENUM_CONVERSION = YES;
				CLANG_WARN_INT_CONVERSION = YES;
				CLANG_WARN_OBJC_ROOT_CLASS = YES_ERROR;
				CLANG_WARN_UNREACHABLE_CODE = YES;
				CLANG_WARN__DUPLICATE_METHOD_MATCH = YES;
				COPY_PHASE_STRIP = NO;
				DEBUG_INFORMATION_FORMAT = dwarf;
				ENABLE_STRICT_OBJC_MSGSEND = YES;
				ENABLE_TESTABILITY = YES;
				GCC_C_LANGUAGE_STANDARD = gnu99;
				GCC_DYNAMIC_NO_PIC = NO;
				GCC_NO_COMMON_BLOCKS = YES;
				GCC_OPTIMIZATION_LEVEL = 0;
				GCC_PREPROCESSOR_DEFINITIONS = (
					"DEBUG=1",
					"$(inherited)",
				);
				GCC_WARN_64_TO_32_BIT_CONVERSION = YES;
				GCC_WARN_ABOUT_RETURN_TYPE = YES_ERROR;
				GCC_WARN_UNDECLARED_SELECTOR = YES;
				GCC_WARN_UNINITIALIZED_AUTOS = YES_AGGRESSIVE;
				GCC_WARN_UNUSED_FUNCTION = YES;
				GCC_WARN_UNUSED_VARIABLE = YES;
				MACOSX_DEPLOYMENT_TARGET = 10.10;
				MTL_ENABLE_DEBUG_INFO = YES;
				ONLY_ACTIVE_ARCH = YES;
				SDKROOT = macosx;
				SWIFT_OPTIMIZATION_LEVEL = "-Onone";
			};
			name = Debug;
		};
		2B6D15991B9F42D1001E1408 /* Release */ = {
			isa = XCBuildConfiguration;
			buildSettings = {
				ALWAYS_SEARCH_USER_PATHS = NO;
				CLANG_CXX_LANGUAGE_STANDARD = "gnu++0x";
				CLANG_CXX_LIBRARY = "libc++";
				CLANG_ENABLE_MODULES = YES;
				CLANG_ENABLE_OBJC_ARC = YES;
				CLANG_WARN_BOOL_CONVERSION = YES;
				CLANG_WARN_CONSTANT_CONVERSION = YES;
				CLANG_WARN_DIRECT_OBJC_ISA_USAGE = YES_ERROR;
				CLANG_WARN_EMPTY_BODY = YES;
				CLANG_WARN_ENUM_CONVERSION = YES;
				CLANG_WARN_INT_CONVERSION = YES;
				CLANG_WARN_OBJC_ROOT_CLASS = YES_ERROR;
				CLANG_WARN_UNREACHABLE_CODE = YES;
				CLANG_WARN__DUPLICATE_METHOD_MATCH = YES;
				COPY_PHASE_STRIP = NO;
				DEBUG_INFORMATION_FORMAT = "dwarf-with-dsym";
				ENABLE_NS_ASSERTIONS = NO;
				ENABLE_STRICT_OBJC_MSGSEND = YES;
				GCC_C_LANGUAGE_STANDARD = gnu99;
				GCC_NO_COMMON_BLOCKS = YES;
				GCC_WARN_64_TO_32_BIT_CONVERSION = YES;
				GCC_WARN_ABOUT_RETURN_TYPE = YES_ERROR;
				GCC_WARN_UNDECLARED_SELECTOR = YES;
				GCC_WARN_UNINITIALIZED_AUTOS = YES_AGGRESSIVE;
				GCC_WARN_UNUSED_FUNCTION = YES;
				GCC_WARN_UNUSED_VARIABLE = YES;
				MACOSX_DEPLOYMENT_TARGET = 10.10;
				MTL_ENABLE_DEBUG_INFO = NO;
				SDKROOT = macosx;
			};
			name = Release;
		};
		2B6D159B1B9F42D1001E1408 /* Debug */ = {
			isa = XCBuildConfiguration;
			buildSettings = {
				PRODUCT_NAME = CH07_AUGraphSineWave;
			};
			name = Debug;
		};
		2B6D159C1B9F42D1001E1408 /* Release */ = {
			isa = XCBuildConfiguration;
			buildSettings = {
				PRODUCT_NAME = CH07_AUGraphSineWave;
			};
			name = Release;
		};
/* End XCBuildConfiguration section */

/* Begin XCConfigurationList section */
		2B6D158E1B9F42CD001E1408 /* Build configuration list for PBXProject "CH07_AUGraphSineWave" */ = {
			isa = XCConfigurationList;
			buildConfigurations = (
				2B6D15981B9F42D1001E1408 /* Debug */,
				2B6D15991B9F42D1001E1408 /* Release */,
			);
			defaultConfigurationIsVisible = 0;
			defaultConfigurationName = Release;
		};
		2B6D159A1B9F42D1001E1408 /* Build configuration list for PBXNativeTarget "CH07_AUGraphSineWave" */ = {
			isa = XCConfigurationList;
			buildConfigurations = (
				2B6D159B1B9F42D1001E1408 /* Debug */,
				2B6D159C1B9F42D1001E1408 /* Release */,
			);
			defaultConfigurationIsVisible = 0;
			defaultConfigurationName = Release;
		};
/* End XCConfigurationList section */
	};
	rootObject = 2B6D158B1B9F42CD001E1408 /* Project object */;
}
